// !$*UTF8*$!
{
	archiveVersion = 1;
	classes = {
	};
	objectVersion = 56;
	objects = {

/* Begin PBXBuildFile section */
		643A091A2A0995940072DA3A /* ArtistView.swift in Sources */ = {isa = PBXBuildFile; fileRef = 643A09192A0995940072DA3A /* ArtistView.swift */; };
		643A091D2A09A4E90072DA3A /* HeaderView.swift in Sources */ = {isa = PBXBuildFile; fileRef = 643A091C2A09A4E90072DA3A /* HeaderView.swift */; };
		643A091F2A09AC510072DA3A /* ArtistDetailModel.swift in Sources */ = {isa = PBXBuildFile; fileRef = 643A091E2A09AC510072DA3A /* ArtistDetailModel.swift */; };
		64818E5C2A09661D009A7803 /* NetworkHelper.swift in Sources */ = {isa = PBXBuildFile; fileRef = 64818E5B2A09661D009A7803 /* NetworkHelper.swift */; };
		64818E5E2A096656009A7803 /* NetworkManager.swift in Sources */ = {isa = PBXBuildFile; fileRef = 64818E5D2A096656009A7803 /* NetworkManager.swift */; };
		64818E602A09672F009A7803 /* CategoryModel.swift in Sources */ = {isa = PBXBuildFile; fileRef = 64818E5F2A09672E009A7803 /* CategoryModel.swift */; };
		64818E632A096794009A7803 /* Kingfisher in Frameworks */ = {isa = PBXBuildFile; productRef = 64818E622A096794009A7803 /* Kingfisher */; };
		64818E662A0967AF009A7803 /* Alamofire in Frameworks */ = {isa = PBXBuildFile; productRef = 64818E652A0967AF009A7803 /* Alamofire */; };
		64818E682A09693D009A7803 /* ServiceManager.swift in Sources */ = {isa = PBXBuildFile; fileRef = 64818E672A09693D009A7803 /* ServiceManager.swift */; };
		64818E6B2A0973AC009A7803 /* CategoryViewCell.swift in Sources */ = {isa = PBXBuildFile; fileRef = 64818E6A2A0973AC009A7803 /* CategoryViewCell.swift */; };
		64818E6E2A097AEF009A7803 /* SDWebImage in Frameworks */ = {isa = PBXBuildFile; productRef = 64818E6D2A097AEF009A7803 /* SDWebImage */; };
		6494B8E02A0A511D004A06DC /* ArtistDetailViewCell.swift in Sources */ = {isa = PBXBuildFile; fileRef = 6494B8DF2A0A511D004A06DC /* ArtistDetailViewCell.swift */; };
		6494B8E22A0A5CCE004A06DC /* DetailViewCell.swift in Sources */ = {isa = PBXBuildFile; fileRef = 6494B8E12A0A5CCE004A06DC /* DetailViewCell.swift */; };
		649628572A0937C900A86768 /* AppDelegate.swift in Sources */ = {isa = PBXBuildFile; fileRef = 649628562A0937C900A86768 /* AppDelegate.swift */; };
		649628592A0937C900A86768 /* SceneDelegate.swift in Sources */ = {isa = PBXBuildFile; fileRef = 649628582A0937C900A86768 /* SceneDelegate.swift */; };
		6496285B2A0937C900A86768 /* TabbarView.swift in Sources */ = {isa = PBXBuildFile; fileRef = 6496285A2A0937C900A86768 /* TabbarView.swift */; };
		649628602A0937CA00A86768 /* Assets.xcassets in Resources */ = {isa = PBXBuildFile; fileRef = 6496285F2A0937CA00A86768 /* Assets.xcassets */; };
		649628632A0937CA00A86768 /* LaunchScreen.storyboard in Resources */ = {isa = PBXBuildFile; fileRef = 649628612A0937CA00A86768 /* LaunchScreen.storyboard */; };
		64EB17F22A09449A0055AEA7 /* CategoryView.swift in Sources */ = {isa = PBXBuildFile; fileRef = 64EB17F12A09449A0055AEA7 /* CategoryView.swift */; };
		64EB17F42A0944A70055AEA7 /* LikeView.swift in Sources */ = {isa = PBXBuildFile; fileRef = 64EB17F32A0944A70055AEA7 /* LikeView.swift */; };
/* End PBXBuildFile section */

/* Begin PBXFileReference section */
		643A09192A0995940072DA3A /* ArtistView.swift */ = {isa = PBXFileReference; lastKnownFileType = sourcecode.swift; path = ArtistView.swift; sourceTree = "<group>"; };
		643A091C2A09A4E90072DA3A /* HeaderView.swift */ = {isa = PBXFileReference; lastKnownFileType = sourcecode.swift; path = HeaderView.swift; sourceTree = "<group>"; };
		643A091E2A09AC510072DA3A /* ArtistDetailModel.swift */ = {isa = PBXFileReference; lastKnownFileType = sourcecode.swift; path = ArtistDetailModel.swift; sourceTree = "<group>"; };
		64818E5B2A09661D009A7803 /* NetworkHelper.swift */ = {isa = PBXFileReference; lastKnownFileType = sourcecode.swift; path = NetworkHelper.swift; sourceTree = "<group>"; };
		64818E5D2A096656009A7803 /* NetworkManager.swift */ = {isa = PBXFileReference; lastKnownFileType = sourcecode.swift; path = NetworkManager.swift; sourceTree = "<group>"; };
		64818E5F2A09672E009A7803 /* CategoryModel.swift */ = {isa = PBXFileReference; lastKnownFileType = sourcecode.swift; path = CategoryModel.swift; sourceTree = "<group>"; };
		64818E672A09693D009A7803 /* ServiceManager.swift */ = {isa = PBXFileReference; lastKnownFileType = sourcecode.swift; path = ServiceManager.swift; sourceTree = "<group>"; };
		64818E6A2A0973AC009A7803 /* CategoryViewCell.swift */ = {isa = PBXFileReference; lastKnownFileType = sourcecode.swift; path = CategoryViewCell.swift; sourceTree = "<group>"; };
		6494B8DF2A0A511D004A06DC /* ArtistDetailViewCell.swift */ = {isa = PBXFileReference; lastKnownFileType = sourcecode.swift; path = ArtistDetailViewCell.swift; sourceTree = "<group>"; };
		6494B8E12A0A5CCE004A06DC /* DetailViewCell.swift */ = {isa = PBXFileReference; lastKnownFileType = sourcecode.swift; path = DetailViewCell.swift; sourceTree = "<group>"; };
		649628532A0937C900A86768 /* DeezerApp.app */ = {isa = PBXFileReference; explicitFileType = wrapper.application; includeInIndex = 0; path = DeezerApp.app; sourceTree = BUILT_PRODUCTS_DIR; };
		649628562A0937C900A86768 /* AppDelegate.swift */ = {isa = PBXFileReference; lastKnownFileType = sourcecode.swift; path = AppDelegate.swift; sourceTree = "<group>"; };
		649628582A0937C900A86768 /* SceneDelegate.swift */ = {isa = PBXFileReference; lastKnownFileType = sourcecode.swift; path = SceneDelegate.swift; sourceTree = "<group>"; };
		6496285A2A0937C900A86768 /* TabbarView.swift */ = {isa = PBXFileReference; lastKnownFileType = sourcecode.swift; path = TabbarView.swift; sourceTree = "<group>"; };
		6496285F2A0937CA00A86768 /* Assets.xcassets */ = {isa = PBXFileReference; lastKnownFileType = folder.assetcatalog; path = Assets.xcassets; sourceTree = "<group>"; };
		649628622A0937CA00A86768 /* Base */ = {isa = PBXFileReference; lastKnownFileType = file.storyboard; name = Base; path = Base.lproj/LaunchScreen.storyboard; sourceTree = "<group>"; };
		649628642A0937CA00A86768 /* Info.plist */ = {isa = PBXFileReference; lastKnownFileType = text.plist.xml; path = Info.plist; sourceTree = "<group>"; };
		64EB17F12A09449A0055AEA7 /* CategoryView.swift */ = {isa = PBXFileReference; lastKnownFileType = sourcecode.swift; path = CategoryView.swift; sourceTree = "<group>"; };
		64EB17F32A0944A70055AEA7 /* LikeView.swift */ = {isa = PBXFileReference; lastKnownFileType = sourcecode.swift; path = LikeView.swift; sourceTree = "<group>"; };
/* End PBXFileReference section */

/* Begin PBXFrameworksBuildPhase section */
		649628502A0937C900A86768 /* Frameworks */ = {
			isa = PBXFrameworksBuildPhase;
			buildActionMask = 2147483647;
			files = (
				64818E6E2A097AEF009A7803 /* SDWebImage in Frameworks */,
				64818E632A096794009A7803 /* Kingfisher in Frameworks */,
				64818E662A0967AF009A7803 /* Alamofire in Frameworks */,
			);
			runOnlyForDeploymentPostprocessing = 0;
		};
/* End PBXFrameworksBuildPhase section */

/* Begin PBXGroup section */
		643A09182A0995570072DA3A /* Other */ = {
			isa = PBXGroup;
			children = (
				643A09192A0995940072DA3A /* ArtistView.swift */,
			);
			path = Other;
			sourceTree = "<group>";
		};
		643A091B2A09A4AF0072DA3A /* View */ = {
			isa = PBXGroup;
			children = (
				643A091C2A09A4E90072DA3A /* HeaderView.swift */,
			);
			path = View;
			sourceTree = "<group>";
		};
		64818E592A0965E4009A7803 /* API */ = {
			isa = PBXGroup;
			children = (
				64818E5A2A0965F6009A7803 /* Model */,
				64818E5B2A09661D009A7803 /* NetworkHelper.swift */,
				64818E5D2A096656009A7803 /* NetworkManager.swift */,
				64818E672A09693D009A7803 /* ServiceManager.swift */,
			);
			path = API;
			sourceTree = "<group>";
		};
		64818E5A2A0965F6009A7803 /* Model */ = {
			isa = PBXGroup;
			children = (
				64818E5F2A09672E009A7803 /* CategoryModel.swift */,
				643A091E2A09AC510072DA3A /* ArtistDetailModel.swift */,
			);
			path = Model;
			sourceTree = "<group>";
		};
		64818E692A0972D2009A7803 /* Cell */ = {
			isa = PBXGroup;
			children = (
				64818E6A2A0973AC009A7803 /* CategoryViewCell.swift */,
				6494B8DF2A0A511D004A06DC /* ArtistDetailViewCell.swift */,
				6494B8E12A0A5CCE004A06DC /* DetailViewCell.swift */,
			);
			path = Cell;
			sourceTree = "<group>";
		};
		6496284A2A0937C900A86768 = {
			isa = PBXGroup;
			children = (
				649628552A0937C900A86768 /* DeezerApp */,
				649628542A0937C900A86768 /* Products */,
			);
			sourceTree = "<group>";
		};
		649628542A0937C900A86768 /* Products */ = {
			isa = PBXGroup;
			children = (
				649628532A0937C900A86768 /* DeezerApp.app */,
			);
			name = Products;
			sourceTree = "<group>";
		};
		649628552A0937C900A86768 /* DeezerApp */ = {
			isa = PBXGroup;
			children = (
				64818E592A0965E4009A7803 /* API */,
				643A091B2A09A4AF0072DA3A /* View */,
				64818E692A0972D2009A7803 /* Cell */,
				64EB17EC2A0944500055AEA7 /* Scenes */,
				649628562A0937C900A86768 /* AppDelegate.swift */,
				649628582A0937C900A86768 /* SceneDelegate.swift */,
				6496285F2A0937CA00A86768 /* Assets.xcassets */,
				649628612A0937CA00A86768 /* LaunchScreen.storyboard */,
				649628642A0937CA00A86768 /* Info.plist */,
			);
			path = DeezerApp;
			sourceTree = "<group>";
		};
		64EB17EC2A0944500055AEA7 /* Scenes */ = {
			isa = PBXGroup;
			children = (
				64EB17F02A09447F0055AEA7 /* Tabbar */,
				64EB17ED2A0944550055AEA7 /* Core */,
				643A09182A0995570072DA3A /* Other */,
			);
			path = Scenes;
			sourceTree = "<group>";
		};
		64EB17ED2A0944550055AEA7 /* Core */ = {
			isa = PBXGroup;
			children = (
				64EB17F12A09449A0055AEA7 /* CategoryView.swift */,
				64EB17F32A0944A70055AEA7 /* LikeView.swift */,
			);
			path = Core;
			sourceTree = "<group>";
		};
		64EB17F02A09447F0055AEA7 /* Tabbar */ = {
			isa = PBXGroup;
			children = (
				6496285A2A0937C900A86768 /* TabbarView.swift */,
			);
			path = Tabbar;
			sourceTree = "<group>";
		};
/* End PBXGroup section */

/* Begin PBXNativeTarget section */
		649628522A0937C900A86768 /* DeezerApp */ = {
			isa = PBXNativeTarget;
			buildConfigurationList = 649628672A0937CA00A86768 /* Build configuration list for PBXNativeTarget "DeezerApp" */;
			buildPhases = (
				6496284F2A0937C900A86768 /* Sources */,
				649628502A0937C900A86768 /* Frameworks */,
				649628512A0937C900A86768 /* Resources */,
			);
			buildRules = (
			);
			dependencies = (
			);
			name = DeezerApp;
			packageProductDependencies = (
				64818E622A096794009A7803 /* Kingfisher */,
				64818E652A0967AF009A7803 /* Alamofire */,
				64818E6D2A097AEF009A7803 /* SDWebImage */,
			);
			productName = DeezerApp;
			productReference = 649628532A0937C900A86768 /* DeezerApp.app */;
			productType = "com.apple.product-type.application";
		};
/* End PBXNativeTarget section */

/* Begin PBXProject section */
		6496284B2A0937C900A86768 /* Project object */ = {
			isa = PBXProject;
			attributes = {
				BuildIndependentTargetsInParallel = 1;
				LastSwiftUpdateCheck = 1430;
				LastUpgradeCheck = 1430;
				TargetAttributes = {
					649628522A0937C900A86768 = {
						CreatedOnToolsVersion = 14.3;
					};
				};
			};
			buildConfigurationList = 6496284E2A0937C900A86768 /* Build configuration list for PBXProject "DeezerApp" */;
			compatibilityVersion = "Xcode 14.0";
			developmentRegion = en;
			hasScannedForEncodings = 0;
			knownRegions = (
				en,
				Base,
			);
			mainGroup = 6496284A2A0937C900A86768;
			packageReferences = (
				64818E612A096794009A7803 /* XCRemoteSwiftPackageReference "Kingfisher" */,
				64818E642A0967AF009A7803 /* XCRemoteSwiftPackageReference "Alamofire" */,
				64818E6C2A097AEF009A7803 /* XCRemoteSwiftPackageReference "SDWebImage" */,
			);
			productRefGroup = 649628542A0937C900A86768 /* Products */;
			projectDirPath = "";
			projectRoot = "";
			targets = (
				649628522A0937C900A86768 /* DeezerApp */,
			);
		};
/* End PBXProject section */

/* Begin PBXResourcesBuildPhase section */
		649628512A0937C900A86768 /* Resources */ = {
			isa = PBXResourcesBuildPhase;
			buildActionMask = 2147483647;
			files = (
				649628632A0937CA00A86768 /* LaunchScreen.storyboard in Resources */,
				649628602A0937CA00A86768 /* Assets.xcassets in Resources */,
			);
			runOnlyForDeploymentPostprocessing = 0;
		};
/* End PBXResourcesBuildPhase section */

/* Begin PBXSourcesBuildPhase section */
		6496284F2A0937C900A86768 /* Sources */ = {
			isa = PBXSourcesBuildPhase;
			buildActionMask = 2147483647;
			files = (
				6494B8E02A0A511D004A06DC /* ArtistDetailViewCell.swift in Sources */,
				64818E682A09693D009A7803 /* ServiceManager.swift in Sources */,
				64818E5E2A096656009A7803 /* NetworkManager.swift in Sources */,
				64818E5C2A09661D009A7803 /* NetworkHelper.swift in Sources */,
				643A091A2A0995940072DA3A /* ArtistView.swift in Sources */,
				6496285B2A0937C900A86768 /* TabbarView.swift in Sources */,
				643A091F2A09AC510072DA3A /* ArtistDetailModel.swift in Sources */,
				64818E602A09672F009A7803 /* CategoryModel.swift in Sources */,
				64EB17F42A0944A70055AEA7 /* LikeView.swift in Sources */,
				643A091D2A09A4E90072DA3A /* HeaderView.swift in Sources */,
				649628572A0937C900A86768 /* AppDelegate.swift in Sources */,
				64EB17F22A09449A0055AEA7 /* CategoryView.swift in Sources */,
				6494B8E22A0A5CCE004A06DC /* DetailViewCell.swift in Sources */,
				64818E6B2A0973AC009A7803 /* CategoryViewCell.swift in Sources */,
				649628592A0937C900A86768 /* SceneDelegate.swift in Sources */,
			);
			runOnlyForDeploymentPostprocessing = 0;
		};
/* End PBXSourcesBuildPhase section */

/* Begin PBXVariantGroup section */
		649628612A0937CA00A86768 /* LaunchScreen.storyboard */ = {
			isa = PBXVariantGroup;
			children = (
				649628622A0937CA00A86768 /* Base */,
			);
			name = LaunchScreen.storyboard;
			sourceTree = "<group>";
		};
/* End PBXVariantGroup section */

/* Begin XCBuildConfiguration section */
		649628652A0937CA00A86768 /* Debug */ = {
			isa = XCBuildConfiguration;
			buildSettings = {
				ALWAYS_SEARCH_USER_PATHS = NO;
				CLANG_ANALYZER_NONNULL = YES;
				CLANG_ANALYZER_NUMBER_OBJECT_CONVERSION = YES_AGGRESSIVE;
				CLANG_CXX_LANGUAGE_STANDARD = "gnu++20";
				CLANG_ENABLE_MODULES = YES;
				CLANG_ENABLE_OBJC_ARC = YES;
				CLANG_ENABLE_OBJC_WEAK = YES;
				CLANG_WARN_BLOCK_CAPTURE_AUTORELEASING = YES;
				CLANG_WARN_BOOL_CONVERSION = YES;
				CLANG_WARN_COMMA = YES;
				CLANG_WARN_CONSTANT_CONVERSION = YES;
				CLANG_WARN_DEPRECATED_OBJC_IMPLEMENTATIONS = YES;
				CLANG_WARN_DIRECT_OBJC_ISA_USAGE = YES_ERROR;
				CLANG_WARN_DOCUMENTATION_COMMENTS = YES;
				CLANG_WARN_EMPTY_BODY = YES;
				CLANG_WARN_ENUM_CONVERSION = YES;
				CLANG_WARN_INFINITE_RECURSION = YES;
				CLANG_WARN_INT_CONVERSION = YES;
				CLANG_WARN_NON_LITERAL_NULL_CONVERSION = YES;
				CLANG_WARN_OBJC_IMPLICIT_RETAIN_SELF = YES;
				CLANG_WARN_OBJC_LITERAL_CONVERSION = YES;
				CLANG_WARN_OBJC_ROOT_CLASS = YES_ERROR;
				CLANG_WARN_QUOTED_INCLUDE_IN_FRAMEWORK_HEADER = YES;
				CLANG_WARN_RANGE_LOOP_ANALYSIS = YES;
				CLANG_WARN_STRICT_PROTOTYPES = YES;
				CLANG_WARN_SUSPICIOUS_MOVE = YES;
				CLANG_WARN_UNGUARDED_AVAILABILITY = YES_AGGRESSIVE;
				CLANG_WARN_UNREACHABLE_CODE = YES;
				CLANG_WARN__DUPLICATE_METHOD_MATCH = YES;
				COPY_PHASE_STRIP = NO;
				DEBUG_INFORMATION_FORMAT = dwarf;
				ENABLE_STRICT_OBJC_MSGSEND = YES;
				ENABLE_TESTABILITY = YES;
				GCC_C_LANGUAGE_STANDARD = gnu11;
				GCC_DYNAMIC_NO_PIC = NO;
				GCC_NO_COMMON_BLOCKS = YES;
				GCC_OPTIMIZATION_LEVEL = 0;
				GCC_PREPROCESSOR_DEFINITIONS = (
					"DEBUG=1",
					"$(inherited)",
				);
				GCC_WARN_64_TO_32_BIT_CONVERSION = YES;
				GCC_WARN_ABOUT_RETURN_TYPE = YES_ERROR;
				GCC_WARN_UNDECLARED_SELECTOR = YES;
				GCC_WARN_UNINITIALIZED_AUTOS = YES_AGGRESSIVE;
				GCC_WARN_UNUSED_FUNCTION = YES;
				GCC_WARN_UNUSED_VARIABLE = YES;
				IPHONEOS_DEPLOYMENT_TARGET = 16.4;
				MTL_ENABLE_DEBUG_INFO = INCLUDE_SOURCE;
				MTL_FAST_MATH = YES;
				ONLY_ACTIVE_ARCH = YES;
				SDKROOT = iphoneos;
				SWIFT_ACTIVE_COMPILATION_CONDITIONS = DEBUG;
				SWIFT_OPTIMIZATION_LEVEL = "-Onone";
			};
			name = Debug;
		};
		649628662A0937CA00A86768 /* Release */ = {
			isa = XCBuildConfiguration;
			buildSettings = {
				ALWAYS_SEARCH_USER_PATHS = NO;
				CLANG_ANALYZER_NONNULL = YES;
				CLANG_ANALYZER_NUMBER_OBJECT_CONVERSION = YES_AGGRESSIVE;
				CLANG_CXX_LANGUAGE_STANDARD = "gnu++20";
				CLANG_ENABLE_MODULES = YES;
				CLANG_ENABLE_OBJC_ARC = YES;
				CLANG_ENABLE_OBJC_WEAK = YES;
				CLANG_WARN_BLOCK_CAPTURE_AUTORELEASING = YES;
				CLANG_WARN_BOOL_CONVERSION = YES;
				CLANG_WARN_COMMA = YES;
				CLANG_WARN_CONSTANT_CONVERSION = YES;
				CLANG_WARN_DEPRECATED_OBJC_IMPLEMENTATIONS = YES;
				CLANG_WARN_DIRECT_OBJC_ISA_USAGE = YES_ERROR;
				CLANG_WARN_DOCUMENTATION_COMMENTS = YES;
				CLANG_WARN_EMPTY_BODY = YES;
				CLANG_WARN_ENUM_CONVERSION = YES;
				CLANG_WARN_INFINITE_RECURSION = YES;
				CLANG_WARN_INT_CONVERSION = YES;
				CLANG_WARN_NON_LITERAL_NULL_CONVERSION = YES;
				CLANG_WARN_OBJC_IMPLICIT_RETAIN_SELF = YES;
				CLANG_WARN_OBJC_LITERAL_CONVERSION = YES;
				CLANG_WARN_OBJC_ROOT_CLASS = YES_ERROR;
				CLANG_WARN_QUOTED_INCLUDE_IN_FRAMEWORK_HEADER = YES;
				CLANG_WARN_RANGE_LOOP_ANALYSIS = YES;
				CLANG_WARN_STRICT_PROTOTYPES = YES;
				CLANG_WARN_SUSPICIOUS_MOVE = YES;
				CLANG_WARN_UNGUARDED_AVAILABILITY = YES_AGGRESSIVE;
				CLANG_WARN_UNREACHABLE_CODE = YES;
				CLANG_WARN__DUPLICATE_METHOD_MATCH = YES;
				COPY_PHASE_STRIP = NO;
				DEBUG_INFORMATION_FORMAT = "dwarf-with-dsym";
				ENABLE_NS_ASSERTIONS = NO;
				ENABLE_STRICT_OBJC_MSGSEND = YES;
				GCC_C_LANGUAGE_STANDARD = gnu11;
				GCC_NO_COMMON_BLOCKS = YES;
				GCC_WARN_64_TO_32_BIT_CONVERSION = YES;
				GCC_WARN_ABOUT_RETURN_TYPE = YES_ERROR;
				GCC_WARN_UNDECLARED_SELECTOR = YES;
				GCC_WARN_UNINITIALIZED_AUTOS = YES_AGGRESSIVE;
				GCC_WARN_UNUSED_FUNCTION = YES;
				GCC_WARN_UNUSED_VARIABLE = YES;
				IPHONEOS_DEPLOYMENT_TARGET = 16.4;
				MTL_ENABLE_DEBUG_INFO = NO;
				MTL_FAST_MATH = YES;
				SDKROOT = iphoneos;
				SWIFT_COMPILATION_MODE = wholemodule;
				SWIFT_OPTIMIZATION_LEVEL = "-O";
				VALIDATE_PRODUCT = YES;
			};
			name = Release;
		};
		649628682A0937CA00A86768 /* Debug */ = {
			isa = XCBuildConfiguration;
			buildSettings = {
				ASSETCATALOG_COMPILER_APPICON_NAME = AppIcon;
				ASSETCATALOG_COMPILER_GLOBAL_ACCENT_COLOR_NAME = AccentColor;
				CODE_SIGN_STYLE = Automatic;
				CURRENT_PROJECT_VERSION = 1;
				DEVELOPMENT_TEAM = ZUD457WP4X;
				GENERATE_INFOPLIST_FILE = YES;
				INFOPLIST_FILE = DeezerApp/Info.plist;
				INFOPLIST_KEY_UIApplicationSupportsIndirectInputEvents = YES;
				INFOPLIST_KEY_UILaunchStoryboardName = LaunchScreen;
				INFOPLIST_KEY_UISupportedInterfaceOrientations_iPad = "UIInterfaceOrientationPortrait UIInterfaceOrientationPortraitUpsideDown UIInterfaceOrientationLandscapeLeft UIInterfaceOrientationLandscapeRight";
				INFOPLIST_KEY_UISupportedInterfaceOrientations_iPhone = "UIInterfaceOrientationPortrait UIInterfaceOrientationLandscapeLeft UIInterfaceOrientationLandscapeRight";
				LD_RUNPATH_SEARCH_PATHS = (
					"$(inherited)",
					"@executable_path/Frameworks",
				);
				MARKETING_VERSION = 1.0;
				PRODUCT_BUNDLE_IDENTIFIER = com.emreusul.DeezerApp;
				PRODUCT_NAME = "$(TARGET_NAME)";
				SWIFT_EMIT_LOC_STRINGS = YES;
				SWIFT_VERSION = 5.0;
				TARGETED_DEVICE_FAMILY = "1,2";
			};
			name = Debug;
		};
		649628692A0937CA00A86768 /* Release */ = {
			isa = XCBuildConfiguration;
			buildSettings = {
				ASSETCATALOG_COMPILER_APPICON_NAME = AppIcon;
				ASSETCATALOG_COMPILER_GLOBAL_ACCENT_COLOR_NAME = AccentColor;
				CODE_SIGN_STYLE = Automatic;
				CURRENT_PROJECT_VERSION = 1;
				DEVELOPMENT_TEAM = ZUD457WP4X;
				GENERATE_INFOPLIST_FILE = YES;
				INFOPLIST_FILE = DeezerApp/Info.plist;
				INFOPLIST_KEY_UIApplicationSupportsIndirectInputEvents = YES;
				INFOPLIST_KEY_UILaunchStoryboardName = LaunchScreen;
				INFOPLIST_KEY_UISupportedInterfaceOrientations_iPad = "UIInterfaceOrientationPortrait UIInterfaceOrientationPortraitUpsideDown UIInterfaceOrientationLandscapeLeft UIInterfaceOrientationLandscapeRight";
				INFOPLIST_KEY_UISupportedInterfaceOrientations_iPhone = "UIInterfaceOrientationPortrait UIInterfaceOrientationLandscapeLeft UIInterfaceOrientationLandscapeRight";
				LD_RUNPATH_SEARCH_PATHS = (
					"$(inherited)",
					"@executable_path/Frameworks",
				);
				MARKETING_VERSION = 1.0;
				PRODUCT_BUNDLE_IDENTIFIER = com.emreusul.DeezerApp;
				PRODUCT_NAME = "$(TARGET_NAME)";
				SWIFT_EMIT_LOC_STRINGS = YES;
				SWIFT_VERSION = 5.0;
				TARGETED_DEVICE_FAMILY = "1,2";
			};
			name = Release;
		};
/* End XCBuildConfiguration section */

/* Begin XCConfigurationList section */
		6496284E2A0937C900A86768 /* Build configuration list for PBXProject "DeezerApp" */ = {
			isa = XCConfigurationList;
			buildConfigurations = (
				649628652A0937CA00A86768 /* Debug */,
				649628662A0937CA00A86768 /* Release */,
			);
			defaultConfigurationIsVisible = 0;
			defaultConfigurationName = Release;
		};
		649628672A0937CA00A86768 /* Build configuration list for PBXNativeTarget "DeezerApp" */ = {
			isa = XCConfigurationList;
			buildConfigurations = (
				649628682A0937CA00A86768 /* Debug */,
				649628692A0937CA00A86768 /* Release */,
			);
			defaultConfigurationIsVisible = 0;
			defaultConfigurationName = Release;
		};
/* End XCConfigurationList section */

/* Begin XCRemoteSwiftPackageReference section */
		64818E612A096794009A7803 /* XCRemoteSwiftPackageReference "Kingfisher" */ = {
			isa = XCRemoteSwiftPackageReference;
			repositoryURL = "https://github.com/onevcat/Kingfisher";
			requirement = {
				kind = upToNextMajorVersion;
				minimumVersion = 7.0.0;
			};
		};
		64818E642A0967AF009A7803 /* XCRemoteSwiftPackageReference "Alamofire" */ = {
			isa = XCRemoteSwiftPackageReference;
			repositoryURL = "https://github.com/Alamofire/Alamofire";
			requirement = {
				kind = upToNextMajorVersion;
				minimumVersion = 5.0.0;
			};
		};
		64818E6C2A097AEF009A7803 /* XCRemoteSwiftPackageReference "SDWebImage" */ = {
			isa = XCRemoteSwiftPackageReference;
			repositoryURL = "https://github.com/SDWebImage/SDWebImage.git";
			requirement = {
				kind = upToNextMajorVersion;
				minimumVersion = 5.0.0;
			};
		};
/* End XCRemoteSwiftPackageReference section */

/* Begin XCSwiftPackageProductDependency section */
		64818E622A096794009A7803 /* Kingfisher */ = {
			isa = XCSwiftPackageProductDependency;
			package = 64818E612A096794009A7803 /* XCRemoteSwiftPackageReference "Kingfisher" */;
			productName = Kingfisher;
		};
		64818E652A0967AF009A7803 /* Alamofire */ = {
			isa = XCSwiftPackageProductDependency;
			package = 64818E642A0967AF009A7803 /* XCRemoteSwiftPackageReference "Alamofire" */;
			productName = Alamofire;
		};
		64818E6D2A097AEF009A7803 /* SDWebImage */ = {
			isa = XCSwiftPackageProductDependency;
			package = 64818E6C2A097AEF009A7803 /* XCRemoteSwiftPackageReference "SDWebImage" */;
			productName = SDWebImage;
		};
/* End XCSwiftPackageProductDependency section */
	};
	rootObject = 6496284B2A0937C900A86768 /* Project object */;
}
